
Microsoft Visual Studio Solution File, Format Version 12.00
# Visual Studio 14
VisualStudioVersion = 14.0.24720.0
MinimumVisualStudioVersion = 10.0.40219.1
Project("{8BC9CEB8-8B4A-11D0-8D11-00A0C91BC942}") = "winsudo", "winsudo\winsudo.vcxproj", "{0DBE005D-888D-47B8-9193-F352165B95DB}"
EndProject
Project("{2150E333-8FDC-42A3-9474-1A3956D46DE8}") = "Solution Items", "Solution Items", "{114B90BE-A96C-423E-9818-BF7A4A35357B}"
EndProject
Global
	GlobalSection(SolutionConfigurationPlatforms) = preSolution
		Debug|x64 = Debug|x64
		Debug|x86 = Debug|x86
		Release|x64 = Release|x64
		Release|x86 = Release|x86
	EndGlobalSection
	GlobalSection(ProjectConfigurationPlatforms) = postSolution
		{0DBE005D-888D-47B8-9193-F352165B95DB}.Debug|x64.ActiveCfg = Debug|x64
		{0DBE005D-888D-47B8-9193-F352165B95DB}.Debug|x64.Build.0 = Debug|x64
		{0DBE005D-888D-47B8-9193-F352165B95DB}.Debug|x86.ActiveCfg = Debug|Win32
		{0DBE005D-888D-47B8-9193-F352165B95DB}.Debug|x86.Build.0 = Debug|Win32
		{0DBE005D-888D-47B8-9193-F352165B95DB}.Release|x64.ActiveCfg = Release|x64
		{0DBE005D-888D-47B8-9193-F352165B95DB}.Release|x64.Build.0 = Release|x64
		{0DBE005D-888D-47B8-9193-F352165B95DB}.Release|x86.ActiveCfg = Release|Win32
		{0DBE005D-888D-47B8-9193-F352165B95DB}.Release|x86.Build.0 = Release|Win32
	EndGlobalSection
	GlobalSection(SolutionProperties) = preSolution
		HideSolutionNode = FALSE
	EndGlobalSection
EndGlobal
